
Microsoft Visual Studio Solution File, Format Version 12.00
# Visual Studio Version 17
VisualStudioVersion = 17.9.34902.65
MinimumVisualStudioVersion = 10.0.40219.1
Project("{9A19103F-16F7-4668-BE54-9A1E7A4F7556}") = "Domain", "Products.Catalog.Domain\Domain.csproj", "{2267D4B7-7B72-4808-8453-2F027E1EA5E7}"
EndProject
Project("{9A19103F-16F7-4668-BE54-9A1E7A4F7556}") = "Tests", "Products.Catalog.Domain.Tests\Tests.csproj", "{D033A87F-8A18-415F-9CCA-929507E6983E}"
EndProject
Project("{9A19103F-16F7-4668-BE54-9A1E7A4F7556}") = "API", "Product.Catalog.API\API.csproj", "{149C87F0-6567-466A-9E66-DFFCB808BC0B}"
EndProject
Project("{9A19103F-16F7-4668-BE54-9A1E7A4F7556}") = "Application", "Products.Catalog.Application\Application.csproj", "{7EA99E4F-3924-4603-A733-90F8D1AAE1A0}"
EndProject
Project("{9A19103F-16F7-4668-BE54-9A1E7A4F7556}") = "Authentication", "Products.Catalog.Infra.Authentication\Authentication.csproj", "{FB9CE52E-4183-4FFB-90A0-63309B341321}"
EndProject
Project("{9A19103F-16F7-4668-BE54-9A1E7A4F7556}") = "Shared", "Shared\Shared.csproj", "{F96BAD95-3B09-461A-87DB-45FE1E70CA89}"
EndProject
Project("{FAE04EC0-301F-11D3-BF4B-00C04F79EFBC}") = "Infra", "Infra\Infra.csproj", "{06625785-2114-4B9C-9326-579B22B6B1E1}"
EndProject
Global
	GlobalSection(SolutionConfigurationPlatforms) = preSolution
		Debug|Any CPU = Debug|Any CPU
		Release|Any CPU = Release|Any CPU
	EndGlobalSection
	GlobalSection(ProjectConfigurationPlatforms) = postSolution
		{2267D4B7-7B72-4808-8453-2F027E1EA5E7}.Debug|Any CPU.ActiveCfg = Debug|Any CPU
		{2267D4B7-7B72-4808-8453-2F027E1EA5E7}.Debug|Any CPU.Build.0 = Debug|Any CPU
		{2267D4B7-7B72-4808-8453-2F027E1EA5E7}.Release|Any CPU.ActiveCfg = Release|Any CPU
		{2267D4B7-7B72-4808-8453-2F027E1EA5E7}.Release|Any CPU.Build.0 = Release|Any CPU
		{D033A87F-8A18-415F-9CCA-929507E6983E}.Debug|Any CPU.ActiveCfg = Debug|Any CPU
		{D033A87F-8A18-415F-9CCA-929507E6983E}.Debug|Any CPU.Build.0 = Debug|Any CPU
		{D033A87F-8A18-415F-9CCA-929507E6983E}.Release|Any CPU.ActiveCfg = Release|Any CPU
		{D033A87F-8A18-415F-9CCA-929507E6983E}.Release|Any CPU.Build.0 = Release|Any CPU
		{149C87F0-6567-466A-9E66-DFFCB808BC0B}.Debug|Any CPU.ActiveCfg = Debug|Any CPU
		{149C87F0-6567-466A-9E66-DFFCB808BC0B}.Debug|Any CPU.Build.0 = Debug|Any CPU
		{149C87F0-6567-466A-9E66-DFFCB808BC0B}.Release|Any CPU.ActiveCfg = Release|Any CPU
		{149C87F0-6567-466A-9E66-DFFCB808BC0B}.Release|Any CPU.Build.0 = Release|Any CPU
		{7EA99E4F-3924-4603-A733-90F8D1AAE1A0}.Debug|Any CPU.ActiveCfg = Debug|Any CPU
		{7EA99E4F-3924-4603-A733-90F8D1AAE1A0}.Debug|Any CPU.Build.0 = Debug|Any CPU
		{7EA99E4F-3924-4603-A733-90F8D1AAE1A0}.Release|Any CPU.ActiveCfg = Release|Any CPU
		{7EA99E4F-3924-4603-A733-90F8D1AAE1A0}.Release|Any CPU.Build.0 = Release|Any CPU
		{FB9CE52E-4183-4FFB-90A0-63309B341321}.Debug|Any CPU.ActiveCfg = Debug|Any CPU
		{FB9CE52E-4183-4FFB-90A0-63309B341321}.Debug|Any CPU.Build.0 = Debug|Any CPU
		{FB9CE52E-4183-4FFB-90A0-63309B341321}.Release|Any CPU.ActiveCfg = Release|Any CPU
		{FB9CE52E-4183-4FFB-90A0-63309B341321}.Release|Any CPU.Build.0 = Release|Any CPU
		{F96BAD95-3B09-461A-87DB-45FE1E70CA89}.Debug|Any CPU.ActiveCfg = Debug|Any CPU
		{F96BAD95-3B09-461A-87DB-45FE1E70CA89}.Debug|Any CPU.Build.0 = Debug|Any CPU
		{F96BAD95-3B09-461A-87DB-45FE1E70CA89}.Release|Any CPU.ActiveCfg = Release|Any CPU
		{F96BAD95-3B09-461A-87DB-45FE1E70CA89}.Release|Any CPU.Build.0 = Release|Any CPU
		{06625785-2114-4B9C-9326-579B22B6B1E1}.Debug|Any CPU.ActiveCfg = Debug|Any CPU
		{06625785-2114-4B9C-9326-579B22B6B1E1}.Debug|Any CPU.Build.0 = Debug|Any CPU
		{06625785-2114-4B9C-9326-579B22B6B1E1}.Release|Any CPU.ActiveCfg = Release|Any CPU
		{06625785-2114-4B9C-9326-579B22B6B1E1}.Release|Any CPU.Build.0 = Release|Any CPU
	EndGlobalSection
	GlobalSection(SolutionProperties) = preSolution
		HideSolutionNode = FALSE
	EndGlobalSection
	GlobalSection(ExtensibilityGlobals) = postSolution
		SolutionGuid = {1FBF9811-D030-4F9D-A997-3A5DFFBC1D1F}
	EndGlobalSection
EndGlobal
