
Microsoft Visual Studio Solution File, Format Version 12.00
# Visual Studio Version 17
VisualStudioVersion = 17.9.34902.65
MinimumVisualStudioVersion = 10.0.40219.1
Project("{9A19103F-16F7-4668-BE54-9A1E7A4F7556}") = "Products.Catalog.Domain", "Products.Catalog.Domain\Products.Catalog.Domain.csproj", "{2267D4B7-7B72-4808-8453-2F027E1EA5E7}"
EndProject
Project("{9A19103F-16F7-4668-BE54-9A1E7A4F7556}") = "Products.Catalog.Domain.Tests", "Products.Catalog.Domain.Tests\Products.Catalog.Domain.Tests.csproj", "{D033A87F-8A18-415F-9CCA-929507E6983E}"
EndProject
Project("{9A19103F-16F7-4668-BE54-9A1E7A4F7556}") = "Product.Catalog.Infra.Data", "Product.Catalog.Infra.Data\Product.Catalog.Infra.Data.csproj", "{A1686184-E792-4EF4-A826-EF63570297FA}"
EndProject
Project("{9A19103F-16F7-4668-BE54-9A1E7A4F7556}") = "Product.Catalog.API", "Product.Catalog.API\Product.Catalog.API.csproj", "{149C87F0-6567-466A-9E66-DFFCB808BC0B}"
EndProject
Project("{9A19103F-16F7-4668-BE54-9A1E7A4F7556}") = "Products.Catalog.Application", "Products.Catalog.Application\Products.Catalog.Application.csproj", "{7EA99E4F-3924-4603-A733-90F8D1AAE1A0}"
EndProject
Project("{2150E333-8FDC-42A3-9474-1A3956D46DE8}") = "Presentations", "Presentations", "{48B68965-E712-4AAB-81D6-61531CC69414}"
EndProject
Project("{2150E333-8FDC-42A3-9474-1A3956D46DE8}") = "Tests", "Tests", "{831E5D9F-F5FC-4334-AE12-98A8B0EE8546}"
EndProject
Project("{9A19103F-16F7-4668-BE54-9A1E7A4F7556}") = "Product.Catalog.Infra.IOC", "Product.Catalog.Infra.IOC\Product.Catalog.Infra.IOC.csproj", "{CC63D249-C248-479A-BE46-F8544C880E1A}"
EndProject
Project("{2150E333-8FDC-42A3-9474-1A3956D46DE8}") = "Persistence", "Persistence", "{78CCB839-2D65-42F7-9251-5D1C5E9AE677}"
EndProject
Project("{2150E333-8FDC-42A3-9474-1A3956D46DE8}") = "CrossCutting", "CrossCutting", "{3062779A-5AFA-4562-88ED-4C8535037E04}"
EndProject
Project("{9A19103F-16F7-4668-BE54-9A1E7A4F7556}") = "Products.Catalog.Infra.Mapper", "Products.Catalog.Infra.Mapper\Products.Catalog.Infra.Mapper.csproj", "{FEFFB809-B6F0-4577-A61F-C5805E4B14F8}"
EndProject
Project("{9A19103F-16F7-4668-BE54-9A1E7A4F7556}") = "Products.Catalog.Infra.Authentication", "Products.Catalog.Infra.Authentication\Products.Catalog.Infra.Authentication.csproj", "{FB9CE52E-4183-4FFB-90A0-63309B341321}"
EndProject
Project("{2150E333-8FDC-42A3-9474-1A3956D46DE8}") = "Core", "Core", "{8EF13EFF-EF88-492F-8036-AD6D5E54AB23}"
EndProject
Project("{2150E333-8FDC-42A3-9474-1A3956D46DE8}") = "Infrastructure", "Infrastructure", "{F5540E12-D888-4B27-84DC-6F012617B8A1}"
EndProject
Global
	GlobalSection(SolutionConfigurationPlatforms) = preSolution
		Debug|Any CPU = Debug|Any CPU
		Release|Any CPU = Release|Any CPU
	EndGlobalSection
	GlobalSection(ProjectConfigurationPlatforms) = postSolution
		{2267D4B7-7B72-4808-8453-2F027E1EA5E7}.Debug|Any CPU.ActiveCfg = Debug|Any CPU
		{2267D4B7-7B72-4808-8453-2F027E1EA5E7}.Debug|Any CPU.Build.0 = Debug|Any CPU
		{2267D4B7-7B72-4808-8453-2F027E1EA5E7}.Release|Any CPU.ActiveCfg = Release|Any CPU
		{2267D4B7-7B72-4808-8453-2F027E1EA5E7}.Release|Any CPU.Build.0 = Release|Any CPU
		{D033A87F-8A18-415F-9CCA-929507E6983E}.Debug|Any CPU.ActiveCfg = Debug|Any CPU
		{D033A87F-8A18-415F-9CCA-929507E6983E}.Debug|Any CPU.Build.0 = Debug|Any CPU
		{D033A87F-8A18-415F-9CCA-929507E6983E}.Release|Any CPU.ActiveCfg = Release|Any CPU
		{D033A87F-8A18-415F-9CCA-929507E6983E}.Release|Any CPU.Build.0 = Release|Any CPU
		{A1686184-E792-4EF4-A826-EF63570297FA}.Debug|Any CPU.ActiveCfg = Debug|Any CPU
		{A1686184-E792-4EF4-A826-EF63570297FA}.Debug|Any CPU.Build.0 = Debug|Any CPU
		{A1686184-E792-4EF4-A826-EF63570297FA}.Release|Any CPU.ActiveCfg = Release|Any CPU
		{A1686184-E792-4EF4-A826-EF63570297FA}.Release|Any CPU.Build.0 = Release|Any CPU
		{149C87F0-6567-466A-9E66-DFFCB808BC0B}.Debug|Any CPU.ActiveCfg = Debug|Any CPU
		{149C87F0-6567-466A-9E66-DFFCB808BC0B}.Debug|Any CPU.Build.0 = Debug|Any CPU
		{149C87F0-6567-466A-9E66-DFFCB808BC0B}.Release|Any CPU.ActiveCfg = Release|Any CPU
		{149C87F0-6567-466A-9E66-DFFCB808BC0B}.Release|Any CPU.Build.0 = Release|Any CPU
		{7EA99E4F-3924-4603-A733-90F8D1AAE1A0}.Debug|Any CPU.ActiveCfg = Debug|Any CPU
		{7EA99E4F-3924-4603-A733-90F8D1AAE1A0}.Debug|Any CPU.Build.0 = Debug|Any CPU
		{7EA99E4F-3924-4603-A733-90F8D1AAE1A0}.Release|Any CPU.ActiveCfg = Release|Any CPU
		{7EA99E4F-3924-4603-A733-90F8D1AAE1A0}.Release|Any CPU.Build.0 = Release|Any CPU
		{CC63D249-C248-479A-BE46-F8544C880E1A}.Debug|Any CPU.ActiveCfg = Debug|Any CPU
		{CC63D249-C248-479A-BE46-F8544C880E1A}.Debug|Any CPU.Build.0 = Debug|Any CPU
		{CC63D249-C248-479A-BE46-F8544C880E1A}.Release|Any CPU.ActiveCfg = Release|Any CPU
		{CC63D249-C248-479A-BE46-F8544C880E1A}.Release|Any CPU.Build.0 = Release|Any CPU
		{FEFFB809-B6F0-4577-A61F-C5805E4B14F8}.Debug|Any CPU.ActiveCfg = Debug|Any CPU
		{FEFFB809-B6F0-4577-A61F-C5805E4B14F8}.Debug|Any CPU.Build.0 = Debug|Any CPU
		{FEFFB809-B6F0-4577-A61F-C5805E4B14F8}.Release|Any CPU.ActiveCfg = Release|Any CPU
		{FEFFB809-B6F0-4577-A61F-C5805E4B14F8}.Release|Any CPU.Build.0 = Release|Any CPU
		{FB9CE52E-4183-4FFB-90A0-63309B341321}.Debug|Any CPU.ActiveCfg = Debug|Any CPU
		{FB9CE52E-4183-4FFB-90A0-63309B341321}.Debug|Any CPU.Build.0 = Debug|Any CPU
		{FB9CE52E-4183-4FFB-90A0-63309B341321}.Release|Any CPU.ActiveCfg = Release|Any CPU
		{FB9CE52E-4183-4FFB-90A0-63309B341321}.Release|Any CPU.Build.0 = Release|Any CPU
	EndGlobalSection
	GlobalSection(SolutionProperties) = preSolution
		HideSolutionNode = FALSE
	EndGlobalSection
	GlobalSection(NestedProjects) = preSolution
		{2267D4B7-7B72-4808-8453-2F027E1EA5E7} = {8EF13EFF-EF88-492F-8036-AD6D5E54AB23}
		{D033A87F-8A18-415F-9CCA-929507E6983E} = {831E5D9F-F5FC-4334-AE12-98A8B0EE8546}
		{A1686184-E792-4EF4-A826-EF63570297FA} = {78CCB839-2D65-42F7-9251-5D1C5E9AE677}
		{149C87F0-6567-466A-9E66-DFFCB808BC0B} = {48B68965-E712-4AAB-81D6-61531CC69414}
		{7EA99E4F-3924-4603-A733-90F8D1AAE1A0} = {8EF13EFF-EF88-492F-8036-AD6D5E54AB23}
		{CC63D249-C248-479A-BE46-F8544C880E1A} = {3062779A-5AFA-4562-88ED-4C8535037E04}
		{78CCB839-2D65-42F7-9251-5D1C5E9AE677} = {F5540E12-D888-4B27-84DC-6F012617B8A1}
		{3062779A-5AFA-4562-88ED-4C8535037E04} = {F5540E12-D888-4B27-84DC-6F012617B8A1}
		{FEFFB809-B6F0-4577-A61F-C5805E4B14F8} = {3062779A-5AFA-4562-88ED-4C8535037E04}
		{FB9CE52E-4183-4FFB-90A0-63309B341321} = {3062779A-5AFA-4562-88ED-4C8535037E04}
	EndGlobalSection
	GlobalSection(ExtensibilityGlobals) = postSolution
		SolutionGuid = {1FBF9811-D030-4F9D-A997-3A5DFFBC1D1F}
	EndGlobalSection
EndGlobal
